// !$*UTF8*$!
{
	archiveVersion = 1;
	classes = {
	};
	objectVersion = 46;
	objects = {

/* Begin PBXBuildFile section */
		DD204D3C1D591F8000CB7E17 /* main.swift in Sources */ = {isa = PBXBuildFile; fileRef = DD204D3B1D591F8000CB7E17 /* main.swift */; };
		DD204D441D591FDE00CB7E17 /* Lexer.swift in Sources */ = {isa = PBXBuildFile; fileRef = DD204D421D591FDE00CB7E17 /* Lexer.swift */; };
		DD204D451D591FDE00CB7E17 /* Parser.swift in Sources */ = {isa = PBXBuildFile; fileRef = DD204D431D591FDE00CB7E17 /* Parser.swift */; };
		DD204D471D5A399100CB7E17 /* AST Nodes.swift in Sources */ = {isa = PBXBuildFile; fileRef = DD204D461D5A399100CB7E17 /* AST Nodes.swift */; };
		DDD750681D5C97480000AB98 /* Token.swift in Sources */ = {isa = PBXBuildFile; fileRef = DDD750671D5C97480000AB98 /* Token.swift */; };
/* End PBXBuildFile section */

/* Begin PBXCopyFilesBuildPhase section */
		DD204D361D591F8000CB7E17 /* CopyFiles */ = {
			isa = PBXCopyFilesBuildPhase;
			buildActionMask = 2147483647;
			dstPath = /usr/share/man/man1/;
			dstSubfolderSpec = 0;
			files = (
			);
			runOnlyForDeploymentPostprocessing = 1;
		};
/* End PBXCopyFilesBuildPhase section */

/* Begin PBXFileReference section */
		DD204D381D591F8000CB7E17 /* Kaleidoscope */ = {isa = PBXFileReference; explicitFileType = "compiled.mach-o.executable"; includeInIndex = 0; path = Kaleidoscope; sourceTree = BUILT_PRODUCTS_DIR; };
		DD204D3B1D591F8000CB7E17 /* main.swift */ = {isa = PBXFileReference; lastKnownFileType = sourcecode.swift; path = main.swift; sourceTree = "<group>"; };
		DD204D421D591FDE00CB7E17 /* Lexer.swift */ = {isa = PBXFileReference; fileEncoding = 4; lastKnownFileType = sourcecode.swift; path = Lexer.swift; sourceTree = "<group>"; };
		DD204D431D591FDE00CB7E17 /* Parser.swift */ = {isa = PBXFileReference; fileEncoding = 4; lastKnownFileType = sourcecode.swift; path = Parser.swift; sourceTree = "<group>"; };
		DD204D461D5A399100CB7E17 /* AST Nodes.swift */ = {isa = PBXFileReference; fileEncoding = 4; lastKnownFileType = sourcecode.swift; path = "AST Nodes.swift"; sourceTree = "<group>"; };
		DDD750671D5C97480000AB98 /* Token.swift */ = {isa = PBXFileReference; fileEncoding = 4; lastKnownFileType = sourcecode.swift; path = Token.swift; sourceTree = "<group>"; };
/* End PBXFileReference section */

/* Begin PBXFrameworksBuildPhase section */
		DD204D351D591F8000CB7E17 /* Frameworks */ = {
			isa = PBXFrameworksBuildPhase;
			buildActionMask = 2147483647;
			files = (
			);
			runOnlyForDeploymentPostprocessing = 0;
		};
/* End PBXFrameworksBuildPhase section */

/* Begin PBXGroup section */
		DD204D2F1D591F8000CB7E17 = {
			isa = PBXGroup;
			children = (
				DD204D3A1D591F8000CB7E17 /* Kaleidoscope */,
				DD204D391D591F8000CB7E17 /* Products */,
			);
			sourceTree = "<group>";
		};
		DD204D391D591F8000CB7E17 /* Products */ = {
			isa = PBXGroup;
			children = (
				DD204D381D591F8000CB7E17 /* Kaleidoscope */,
			);
			name = Products;
			sourceTree = "<group>";
		};
		DD204D3A1D591F8000CB7E17 /* Kaleidoscope */ = {
			isa = PBXGroup;
			children = (
				DD204D3B1D591F8000CB7E17 /* main.swift */,
				DDD750671D5C97480000AB98 /* Token.swift */,
				DD204D421D591FDE00CB7E17 /* Lexer.swift */,
				DD204D461D5A399100CB7E17 /* AST Nodes.swift */,
				DD204D431D591FDE00CB7E17 /* Parser.swift */,
			);
			path = Kaleidoscope;
			sourceTree = "<group>";
		};
/* End PBXGroup section */

/* Begin PBXNativeTarget section */
		DD204D371D591F8000CB7E17 /* Kaleidoscope */ = {
			isa = PBXNativeTarget;
			buildConfigurationList = DD204D3F1D591F8000CB7E17 /* Build configuration list for PBXNativeTarget "Kaleidoscope" */;
			buildPhases = (
				DD204D341D591F8000CB7E17 /* Sources */,
				DD204D351D591F8000CB7E17 /* Frameworks */,
				DD204D361D591F8000CB7E17 /* CopyFiles */,
			);
			buildRules = (
			);
			dependencies = (
			);
			name = Kaleidoscope;
			productName = Kaleidoscope;
			productReference = DD204D381D591F8000CB7E17 /* Kaleidoscope */;
			productType = "com.apple.product-type.tool";
		};
/* End PBXNativeTarget section */

/* Begin PBXProject section */
		DD204D301D591F8000CB7E17 /* Project object */ = {
			isa = PBXProject;
			attributes = {
				LastSwiftUpdateCheck = 0800;
				LastUpgradeCheck = 0800;
				ORGANIZATIONNAME = "Marcus Rossel";
				TargetAttributes = {
					DD204D371D591F8000CB7E17 = {
						CreatedOnToolsVersion = 8.0;
						DevelopmentTeam = 8YSJ38HAEZ;
						DevelopmentTeamName = "Marcus Rossel (Personal Team)";
						ProvisioningStyle = Automatic;
					};
				};
			};
			buildConfigurationList = DD204D331D591F8000CB7E17 /* Build configuration list for PBXProject "Kaleidoscope" */;
			compatibilityVersion = "Xcode 3.2";
			developmentRegion = English;
			hasScannedForEncodings = 0;
			knownRegions = (
				en,
			);
			mainGroup = DD204D2F1D591F8000CB7E17;
			productRefGroup = DD204D391D591F8000CB7E17 /* Products */;
			projectDirPath = "";
			projectRoot = "";
			targets = (
				DD204D371D591F8000CB7E17 /* Kaleidoscope */,
			);
		};
/* End PBXProject section */

/* Begin PBXSourcesBuildPhase section */
		DD204D341D591F8000CB7E17 /* Sources */ = {
			isa = PBXSourcesBuildPhase;
			buildActionMask = 2147483647;
			files = (
				DD204D441D591FDE00CB7E17 /* Lexer.swift in Sources */,
				DDD750681D5C97480000AB98 /* Token.swift in Sources */,
				DD204D3C1D591F8000CB7E17 /* main.swift in Sources */,
				DD204D471D5A399100CB7E17 /* AST Nodes.swift in Sources */,
				DD204D451D591FDE00CB7E17 /* Parser.swift in Sources */,
			);
			runOnlyForDeploymentPostprocessing = 0;
		};
/* End PBXSourcesBuildPhase section */

/* Begin XCBuildConfiguration section */
		DD204D3D1D591F8000CB7E17 /* Debug */ = {
			isa = XCBuildConfiguration;
			buildSettings = {
				ALWAYS_SEARCH_USER_PATHS = NO;
				CLANG_ANALYZER_NONNULL = YES;
				CLANG_CXX_LANGUAGE_STANDARD = "gnu++0x";
				CLANG_CXX_LIBRARY = "libc++";
				CLANG_ENABLE_MODULES = YES;
				CLANG_ENABLE_OBJC_ARC = YES;
				CLANG_WARN_BOOL_CONVERSION = YES;
				CLANG_WARN_CONSTANT_CONVERSION = YES;
				CLANG_WARN_DIRECT_OBJC_ISA_USAGE = YES_ERROR;
				CLANG_WARN_DOCUMENTATION_COMMENTS = YES;
				CLANG_WARN_EMPTY_BODY = YES;
				CLANG_WARN_ENUM_CONVERSION = YES;
				CLANG_WARN_INT_CONVERSION = YES;
				CLANG_WARN_OBJC_ROOT_CLASS = YES_ERROR;
				CLANG_WARN_UNREACHABLE_CODE = YES;
				CLANG_WARN__DUPLICATE_METHOD_MATCH = YES;
				CODE_SIGN_IDENTITY = "-";
				COPY_PHASE_STRIP = NO;
				DEBUG_INFORMATION_FORMAT = dwarf;
				ENABLE_STRICT_OBJC_MSGSEND = YES;
				ENABLE_TESTABILITY = YES;
				GCC_C_LANGUAGE_STANDARD = gnu99;
				GCC_DYNAMIC_NO_PIC = NO;
				GCC_NO_COMMON_BLOCKS = YES;
				GCC_OPTIMIZATION_LEVEL = 0;
				GCC_PREPROCESSOR_DEFINITIONS = (
					"DEBUG=1",
					"$(inherited)",
				);
				GCC_WARN_64_TO_32_BIT_CONVERSION = YES;
				GCC_WARN_ABOUT_RETURN_TYPE = YES_ERROR;
				GCC_WARN_UNDECLARED_SELECTOR = YES;
				GCC_WARN_UNINITIALIZED_AUTOS = YES_AGGRESSIVE;
				GCC_WARN_UNUSED_FUNCTION = YES;
				GCC_WARN_UNUSED_VARIABLE = YES;
				MACOSX_DEPLOYMENT_TARGET = 10.12;
				MTL_ENABLE_DEBUG_INFO = YES;
				ONLY_ACTIVE_ARCH = YES;
				SDKROOT = macosx;
				SWIFT_OPTIMIZATION_LEVEL = "-Onone";
			};
			name = Debug;
		};
		DD204D3E1D591F8000CB7E17 /* Release */ = {
			isa = XCBuildConfiguration;
			buildSettings = {
				ALWAYS_SEARCH_USER_PATHS = NO;
				CLANG_ANALYZER_NONNULL = YES;
				CLANG_CXX_LANGUAGE_STANDARD = "gnu++0x";
				CLANG_CXX_LIBRARY = "libc++";
				CLANG_ENABLE_MODULES = YES;
				CLANG_ENABLE_OBJC_ARC = YES;
				CLANG_WARN_BOOL_CONVERSION = YES;
				CLANG_WARN_CONSTANT_CONVERSION = YES;
				CLANG_WARN_DIRECT_OBJC_ISA_USAGE = YES_ERROR;
				CLANG_WARN_DOCUMENTATION_COMMENTS = YES;
				CLANG_WARN_EMPTY_BODY = YES;
				CLANG_WARN_ENUM_CONVERSION = YES;
				CLANG_WARN_INT_CONVERSION = YES;
				CLANG_WARN_OBJC_ROOT_CLASS = YES_ERROR;
				CLANG_WARN_UNREACHABLE_CODE = YES;
				CLANG_WARN__DUPLICATE_METHOD_MATCH = YES;
				CODE_SIGN_IDENTITY = "-";
				COPY_PHASE_STRIP = NO;
				DEBUG_INFORMATION_FORMAT = "dwarf-with-dsym";
				ENABLE_NS_ASSERTIONS = NO;
				ENABLE_STRICT_OBJC_MSGSEND = YES;
				GCC_C_LANGUAGE_STANDARD = gnu99;
				GCC_NO_COMMON_BLOCKS = YES;
				GCC_WARN_64_TO_32_BIT_CONVERSION = YES;
				GCC_WARN_ABOUT_RETURN_TYPE = YES_ERROR;
				GCC_WARN_UNDECLARED_SELECTOR = YES;
				GCC_WARN_UNINITIALIZED_AUTOS = YES_AGGRESSIVE;
				GCC_WARN_UNUSED_FUNCTION = YES;
				GCC_WARN_UNUSED_VARIABLE = YES;
				MACOSX_DEPLOYMENT_TARGET = 10.12;
				MTL_ENABLE_DEBUG_INFO = NO;
				SDKROOT = macosx;
			};
			name = Release;
		};
		DD204D401D591F8000CB7E17 /* Debug */ = {
			isa = XCBuildConfiguration;
			buildSettings = {
				PRODUCT_NAME = "$(TARGET_NAME)";
			};
			name = Debug;
		};
		DD204D411D591F8000CB7E17 /* Release */ = {
			isa = XCBuildConfiguration;
			buildSettings = {
				PRODUCT_NAME = "$(TARGET_NAME)";
			};
			name = Release;
		};
/* End XCBuildConfiguration section */

/* Begin XCConfigurationList section */
		DD204D331D591F8000CB7E17 /* Build configuration list for PBXProject "Kaleidoscope" */ = {
			isa = XCConfigurationList;
			buildConfigurations = (
				DD204D3D1D591F8000CB7E17 /* Debug */,
				DD204D3E1D591F8000CB7E17 /* Release */,
			);
			defaultConfigurationIsVisible = 0;
			defaultConfigurationName = Release;
		};
		DD204D3F1D591F8000CB7E17 /* Build configuration list for PBXNativeTarget "Kaleidoscope" */ = {
			isa = XCConfigurationList;
			buildConfigurations = (
				DD204D401D591F8000CB7E17 /* Debug */,
				DD204D411D591F8000CB7E17 /* Release */,
			);
			defaultConfigurationIsVisible = 0;
			defaultConfigurationName = Release;
		};
/* End XCConfigurationList section */
	};
	rootObject = DD204D301D591F8000CB7E17 /* Project object */;
}
