// !$*UTF8*$!
{
	archiveVersion = 1;
	classes = {
	};
	objectVersion = 46;
	objects = {

/* Begin PBXBuildFile section */
		DDA849A41D94188A00774BE8 /* LexerProtocol.swift in Sources */ = {isa = PBXBuildFile; fileRef = DDCF827C1D89AC170040448E /* LexerProtocol.swift */; };
		DDCF82891D89B01D0040448E /* Kaleidoscope Tests.swift in Sources */ = {isa = PBXBuildFile; fileRef = DDCF82881D89B01D0040448E /* Kaleidoscope Tests.swift */; };
		DDCF828E1D89B06D0040448E /* Lexer.swift in Sources */ = {isa = PBXBuildFile; fileRef = DD204D421D591FDE00CB7E17 /* Lexer.swift */; };
		DDCF828F1D89B0730040448E /* Token.swift in Sources */ = {isa = PBXBuildFile; fileRef = DDCF827E1D89AC280040448E /* Token.swift */; };
		DDCF82901D89B0780040448E /* AST Nodes.swift in Sources */ = {isa = PBXBuildFile; fileRef = DD204D461D5A399100CB7E17 /* AST Nodes.swift */; };
		DDCF82911D89B07B0040448E /* Parser.swift in Sources */ = {isa = PBXBuildFile; fileRef = DD204D431D591FDE00CB7E17 /* Parser.swift */; };
/* End PBXBuildFile section */

/* Begin PBXFileReference section */
		DD204D421D591FDE00CB7E17 /* Lexer.swift */ = {isa = PBXFileReference; fileEncoding = 4; lastKnownFileType = sourcecode.swift; path = Lexer.swift; sourceTree = "<group>"; };
		DD204D431D591FDE00CB7E17 /* Parser.swift */ = {isa = PBXFileReference; fileEncoding = 4; lastKnownFileType = sourcecode.swift; path = Parser.swift; sourceTree = "<group>"; };
		DD204D461D5A399100CB7E17 /* AST Nodes.swift */ = {isa = PBXFileReference; fileEncoding = 4; lastKnownFileType = sourcecode.swift; path = "AST Nodes.swift"; sourceTree = "<group>"; };
		DDCF827C1D89AC170040448E /* LexerProtocol.swift */ = {isa = PBXFileReference; fileEncoding = 4; lastKnownFileType = sourcecode.swift; name = LexerProtocol.swift; path = Kaleidoscope/LexerProtocol.swift; sourceTree = "<group>"; };
		DDCF827E1D89AC280040448E /* Token.swift */ = {isa = PBXFileReference; fileEncoding = 4; lastKnownFileType = sourcecode.swift; path = Token.swift; sourceTree = "<group>"; };
		DDCF82861D89B01D0040448E /* Kaleidoscope Tests.xctest */ = {isa = PBXFileReference; explicitFileType = wrapper.cfbundle; includeInIndex = 0; path = "Kaleidoscope Tests.xctest"; sourceTree = BUILT_PRODUCTS_DIR; };
		DDCF82881D89B01D0040448E /* Kaleidoscope Tests.swift */ = {isa = PBXFileReference; lastKnownFileType = sourcecode.swift; path = "Kaleidoscope Tests.swift"; sourceTree = "<group>"; };
		DDCF828A1D89B01D0040448E /* Info.plist */ = {isa = PBXFileReference; lastKnownFileType = text.plist.xml; path = Info.plist; sourceTree = "<group>"; };
/* End PBXFileReference section */

/* Begin PBXFrameworksBuildPhase section */
		DDCF82831D89B01D0040448E /* Frameworks */ = {
			isa = PBXFrameworksBuildPhase;
			buildActionMask = 2147483647;
			files = (
			);
			runOnlyForDeploymentPostprocessing = 0;
		};
/* End PBXFrameworksBuildPhase section */

/* Begin PBXGroup section */
		DD204D2F1D591F8000CB7E17 = {
			isa = PBXGroup;
			children = (
				DD204D3A1D591F8000CB7E17 /* Kaleidoscope */,
				DDCF82801D89AFC40040448E /* Dependencies */,
				DDCF82871D89B01D0040448E /* Kaleidoscope Tests */,
				DD204D391D591F8000CB7E17 /* Products */,
			);
			sourceTree = "<group>";
		};
		DD204D391D591F8000CB7E17 /* Products */ = {
			isa = PBXGroup;
			children = (
				DDCF82861D89B01D0040448E /* Kaleidoscope Tests.xctest */,
			);
			name = Products;
			sourceTree = "<group>";
		};
		DD204D3A1D591F8000CB7E17 /* Kaleidoscope */ = {
			isa = PBXGroup;
			children = (
				DDCF827E1D89AC280040448E /* Token.swift */,
				DD204D421D591FDE00CB7E17 /* Lexer.swift */,
				DD204D461D5A399100CB7E17 /* AST Nodes.swift */,
				DD204D431D591FDE00CB7E17 /* Parser.swift */,
			);
			path = Kaleidoscope;
			sourceTree = "<group>";
		};
		DDCF82801D89AFC40040448E /* Dependencies */ = {
			isa = PBXGroup;
			children = (
				DDCF827C1D89AC170040448E /* LexerProtocol.swift */,
			);
			name = Dependencies;
			sourceTree = "<group>";
		};
		DDCF82871D89B01D0040448E /* Kaleidoscope Tests */ = {
			isa = PBXGroup;
			children = (
				DDCF82881D89B01D0040448E /* Kaleidoscope Tests.swift */,
				DDCF828A1D89B01D0040448E /* Info.plist */,
			);
			path = "Kaleidoscope Tests";
			sourceTree = "<group>";
		};
/* End PBXGroup section */

/* Begin PBXNativeTarget section */
		DDCF82851D89B01D0040448E /* Kaleidoscope Tests */ = {
			isa = PBXNativeTarget;
			buildConfigurationList = DDCF828B1D89B01D0040448E /* Build configuration list for PBXNativeTarget "Kaleidoscope Tests" */;
			buildPhases = (
				DDCF82821D89B01D0040448E /* Sources */,
				DDCF82831D89B01D0040448E /* Frameworks */,
				DDCF82841D89B01D0040448E /* Resources */,
			);
			buildRules = (
			);
			dependencies = (
			);
			name = "Kaleidoscope Tests";
			productName = "Kaleidoscope Tests";
			productReference = DDCF82861D89B01D0040448E /* Kaleidoscope Tests.xctest */;
			productType = "com.apple.product-type.bundle.unit-test";
		};
/* End PBXNativeTarget section */

/* Begin PBXProject section */
		DD204D301D591F8000CB7E17 /* Project object */ = {
			isa = PBXProject;
			attributes = {
				LastSwiftUpdateCheck = 0800;
				LastUpgradeCheck = 1030;
				ORGANIZATIONNAME = "Marcus Rossel";
				TargetAttributes = {
					DDCF82851D89B01D0040448E = {
						CreatedOnToolsVersion = 8.0;
						DevelopmentTeam = ACS45765XH;
						ProvisioningStyle = Automatic;
					};
				};
			};
			buildConfigurationList = DD204D331D591F8000CB7E17 /* Build configuration list for PBXProject "Kaleidoscope" */;
			compatibilityVersion = "Xcode 3.2";
			developmentRegion = en;
			hasScannedForEncodings = 0;
			knownRegions = (
				en,
				Base,
			);
			mainGroup = DD204D2F1D591F8000CB7E17;
			productRefGroup = DD204D391D591F8000CB7E17 /* Products */;
			projectDirPath = "";
			projectRoot = "";
			targets = (
				DDCF82851D89B01D0040448E /* Kaleidoscope Tests */,
			);
		};
/* End PBXProject section */

/* Begin PBXResourcesBuildPhase section */
		DDCF82841D89B01D0040448E /* Resources */ = {
			isa = PBXResourcesBuildPhase;
			buildActionMask = 2147483647;
			files = (
			);
			runOnlyForDeploymentPostprocessing = 0;
		};
/* End PBXResourcesBuildPhase section */

/* Begin PBXSourcesBuildPhase section */
		DDCF82821D89B01D0040448E /* Sources */ = {
			isa = PBXSourcesBuildPhase;
			buildActionMask = 2147483647;
			files = (
				DDA849A41D94188A00774BE8 /* LexerProtocol.swift in Sources */,
				DDCF828F1D89B0730040448E /* Token.swift in Sources */,
				DDCF828E1D89B06D0040448E /* Lexer.swift in Sources */,
				DDCF82911D89B07B0040448E /* Parser.swift in Sources */,
				DDCF82891D89B01D0040448E /* Kaleidoscope Tests.swift in Sources */,
				DDCF82901D89B0780040448E /* AST Nodes.swift in Sources */,
			);
			runOnlyForDeploymentPostprocessing = 0;
		};
/* End PBXSourcesBuildPhase section */

/* Begin XCBuildConfiguration section */
		DD204D3D1D591F8000CB7E17 /* Debug */ = {
			isa = XCBuildConfiguration;
			buildSettings = {
				ALWAYS_SEARCH_USER_PATHS = NO;
				CLANG_ANALYZER_LOCALIZABILITY_NONLOCALIZED = YES;
				CLANG_ANALYZER_NONNULL = YES;
				CLANG_CXX_LANGUAGE_STANDARD = "gnu++0x";
				CLANG_CXX_LIBRARY = "libc++";
				CLANG_ENABLE_MODULES = YES;
				CLANG_ENABLE_OBJC_ARC = YES;
				CLANG_WARN_BLOCK_CAPTURE_AUTORELEASING = YES;
				CLANG_WARN_BOOL_CONVERSION = YES;
				CLANG_WARN_COMMA = YES;
				CLANG_WARN_CONSTANT_CONVERSION = YES;
				CLANG_WARN_DEPRECATED_OBJC_IMPLEMENTATIONS = YES;
				CLANG_WARN_DIRECT_OBJC_ISA_USAGE = YES_ERROR;
				CLANG_WARN_DOCUMENTATION_COMMENTS = YES;
				CLANG_WARN_EMPTY_BODY = YES;
				CLANG_WARN_ENUM_CONVERSION = YES;
				CLANG_WARN_INFINITE_RECURSION = YES;
				CLANG_WARN_INT_CONVERSION = YES;
				CLANG_WARN_NON_LITERAL_NULL_CONVERSION = YES;
				CLANG_WARN_OBJC_IMPLICIT_RETAIN_SELF = YES;
				CLANG_WARN_OBJC_LITERAL_CONVERSION = YES;
				CLANG_WARN_OBJC_ROOT_CLASS = YES_ERROR;
				CLANG_WARN_RANGE_LOOP_ANALYSIS = YES;
				CLANG_WARN_STRICT_PROTOTYPES = YES;
				CLANG_WARN_SUSPICIOUS_MOVE = YES;
				CLANG_WARN_UNREACHABLE_CODE = YES;
				CLANG_WARN__DUPLICATE_METHOD_MATCH = YES;
				CODE_SIGN_IDENTITY = "-";
				COPY_PHASE_STRIP = NO;
				DEBUG_INFORMATION_FORMAT = dwarf;
				ENABLE_STRICT_OBJC_MSGSEND = YES;
				ENABLE_TESTABILITY = YES;
				GCC_C_LANGUAGE_STANDARD = gnu99;
				GCC_DYNAMIC_NO_PIC = NO;
				GCC_NO_COMMON_BLOCKS = YES;
				GCC_OPTIMIZATION_LEVEL = 0;
				GCC_PREPROCESSOR_DEFINITIONS = (
					"DEBUG=1",
					"$(inherited)",
				);
				GCC_WARN_64_TO_32_BIT_CONVERSION = YES;
				GCC_WARN_ABOUT_RETURN_TYPE = YES_ERROR;
				GCC_WARN_UNDECLARED_SELECTOR = YES;
				GCC_WARN_UNINITIALIZED_AUTOS = YES_AGGRESSIVE;
				GCC_WARN_UNUSED_FUNCTION = YES;
				GCC_WARN_UNUSED_VARIABLE = YES;
				MACOSX_DEPLOYMENT_TARGET = 10.12;
				MTL_ENABLE_DEBUG_INFO = YES;
				ONLY_ACTIVE_ARCH = YES;
				SDKROOT = macosx;
				SWIFT_OPTIMIZATION_LEVEL = "-Onone";
			};
			name = Debug;
		};
		DD204D3E1D591F8000CB7E17 /* Release */ = {
			isa = XCBuildConfiguration;
			buildSettings = {
				ALWAYS_SEARCH_USER_PATHS = NO;
				CLANG_ANALYZER_LOCALIZABILITY_NONLOCALIZED = YES;
				CLANG_ANALYZER_NONNULL = YES;
				CLANG_CXX_LANGUAGE_STANDARD = "gnu++0x";
				CLANG_CXX_LIBRARY = "libc++";
				CLANG_ENABLE_MODULES = YES;
				CLANG_ENABLE_OBJC_ARC = YES;
				CLANG_WARN_BLOCK_CAPTURE_AUTORELEASING = YES;
				CLANG_WARN_BOOL_CONVERSION = YES;
				CLANG_WARN_COMMA = YES;
				CLANG_WARN_CONSTANT_CONVERSION = YES;
				CLANG_WARN_DEPRECATED_OBJC_IMPLEMENTATIONS = YES;
				CLANG_WARN_DIRECT_OBJC_ISA_USAGE = YES_ERROR;
				CLANG_WARN_DOCUMENTATION_COMMENTS = YES;
				CLANG_WARN_EMPTY_BODY = YES;
				CLANG_WARN_ENUM_CONVERSION = YES;
				CLANG_WARN_INFINITE_RECURSION = YES;
				CLANG_WARN_INT_CONVERSION = YES;
				CLANG_WARN_NON_LITERAL_NULL_CONVERSION = YES;
				CLANG_WARN_OBJC_IMPLICIT_RETAIN_SELF = YES;
				CLANG_WARN_OBJC_LITERAL_CONVERSION = YES;
				CLANG_WARN_OBJC_ROOT_CLASS = YES_ERROR;
				CLANG_WARN_RANGE_LOOP_ANALYSIS = YES;
				CLANG_WARN_STRICT_PROTOTYPES = YES;
				CLANG_WARN_SUSPICIOUS_MOVE = YES;
				CLANG_WARN_UNREACHABLE_CODE = YES;
				CLANG_WARN__DUPLICATE_METHOD_MATCH = YES;
				CODE_SIGN_IDENTITY = "-";
				COPY_PHASE_STRIP = NO;
				DEBUG_INFORMATION_FORMAT = "dwarf-with-dsym";
				ENABLE_NS_ASSERTIONS = NO;
				ENABLE_STRICT_OBJC_MSGSEND = YES;
				GCC_C_LANGUAGE_STANDARD = gnu99;
				GCC_NO_COMMON_BLOCKS = YES;
				GCC_WARN_64_TO_32_BIT_CONVERSION = YES;
				GCC_WARN_ABOUT_RETURN_TYPE = YES_ERROR;
				GCC_WARN_UNDECLARED_SELECTOR = YES;
				GCC_WARN_UNINITIALIZED_AUTOS = YES_AGGRESSIVE;
				GCC_WARN_UNUSED_FUNCTION = YES;
				GCC_WARN_UNUSED_VARIABLE = YES;
				MACOSX_DEPLOYMENT_TARGET = 10.12;
				MTL_ENABLE_DEBUG_INFO = NO;
				SDKROOT = macosx;
			};
			name = Release;
		};
		DDCF828C1D89B01D0040448E /* Debug */ = {
			isa = XCBuildConfiguration;
			buildSettings = {
				CLANG_WARN_INFINITE_RECURSION = YES;
				CLANG_WARN_SUSPICIOUS_MOVES = YES;
				COMBINE_HIDPI_IMAGES = YES;
				DEVELOPMENT_TEAM = ACS45765XH;
				INFOPLIST_FILE = "Kaleidoscope Tests/Info.plist";
				LD_RUNPATH_SEARCH_PATHS = "$(inherited) @executable_path/../Frameworks @loader_path/../Frameworks";
				PRODUCT_BUNDLE_IDENTIFIER = "com.marcusrossel.Kaleidoscope-Tests";
				PRODUCT_NAME = "$(TARGET_NAME)";
				SWIFT_ACTIVE_COMPILATION_CONDITIONS = DEBUG;
				SWIFT_VERSION = 5.0;
			};
			name = Debug;
		};
		DDCF828D1D89B01D0040448E /* Release */ = {
			isa = XCBuildConfiguration;
			buildSettings = {
				CLANG_WARN_INFINITE_RECURSION = YES;
				CLANG_WARN_SUSPICIOUS_MOVES = YES;
				COMBINE_HIDPI_IMAGES = YES;
				DEVELOPMENT_TEAM = ACS45765XH;
				INFOPLIST_FILE = "Kaleidoscope Tests/Info.plist";
				LD_RUNPATH_SEARCH_PATHS = "$(inherited) @executable_path/../Frameworks @loader_path/../Frameworks";
				PRODUCT_BUNDLE_IDENTIFIER = "com.marcusrossel.Kaleidoscope-Tests";
				PRODUCT_NAME = "$(TARGET_NAME)";
				SWIFT_OPTIMIZATION_LEVEL = "-Owholemodule";
				SWIFT_VERSION = 5.0;
			};
			name = Release;
		};
/* End XCBuildConfiguration section */

/* Begin XCConfigurationList section */
		DD204D331D591F8000CB7E17 /* Build configuration list for PBXProject "Kaleidoscope" */ = {
			isa = XCConfigurationList;
			buildConfigurations = (
				DD204D3D1D591F8000CB7E17 /* Debug */,
				DD204D3E1D591F8000CB7E17 /* Release */,
			);
			defaultConfigurationIsVisible = 0;
			defaultConfigurationName = Release;
		};
		DDCF828B1D89B01D0040448E /* Build configuration list for PBXNativeTarget "Kaleidoscope Tests" */ = {
			isa = XCConfigurationList;
			buildConfigurations = (
				DDCF828C1D89B01D0040448E /* Debug */,
				DDCF828D1D89B01D0040448E /* Release */,
			);
			defaultConfigurationIsVisible = 0;
			defaultConfigurationName = Release;
		};
/* End XCConfigurationList section */
	};
	rootObject = DD204D301D591F8000CB7E17 /* Project object */;
}
